
Microsoft Visual Studio Solution File, Format Version 12.00
# Visual Studio 15
Project("{FAE04EC0-301F-11D3-BF4B-00C04F79EFBC}") = "Assembly-CSharp", "Assembly-CSharp.csproj", "{52245DA4-2AD3-973A-7B5B-097083062757}"
EndProject
Project("{FAE04EC0-301F-11D3-BF4B-00C04F79EFBC}") = "Assembly-CSharp-firstpass", "Assembly-CSharp-firstpass.csproj", "{88558164-ACC3-82EF-BE22-20CBCA0C3E8A}"
EndProject
Project("{FAE04EC0-301F-11D3-BF4B-00C04F79EFBC}") = "Assembly-CSharp-Editor-firstpass", "Assembly-CSharp-Editor-firstpass.csproj", "{1A440470-A073-1436-6344-7AE0901AE361}"
EndProject
Project("{FAE04EC0-301F-11D3-BF4B-00C04F79EFBC}") = "Assembly-CSharp", "Assembly-CSharp.Player.csproj", "{F59FA154-5B7C-215C-D7B6-C94509F73625}"
EndProject
Project("{FAE04EC0-301F-11D3-BF4B-00C04F79EFBC}") = "Assembly-CSharp-firstpass", "Assembly-CSharp-firstpass.Player.csproj", "{CD64628F-F9E9-6E3D-0185-10B9A8C5C5CC}"
EndProject
Global
	GlobalSection(SolutionConfigurationPlatforms) = preSolution
		Debug|Any CPU = Debug|Any CPU
		Release|Any CPU = Release|Any CPU
	EndGlobalSection
	GlobalSection(ProjectConfigurationPlatforms) = postSolution
		{52245DA4-2AD3-973A-7B5B-097083062757}.Debug|Any CPU.ActiveCfg = Debug|Any CPU
		{52245DA4-2AD3-973A-7B5B-097083062757}.Debug|Any CPU.Build.0 = Debug|Any CPU
		{52245DA4-2AD3-973A-7B5B-097083062757}.Release|Any CPU.ActiveCfg = Release|Any CPU
		{52245DA4-2AD3-973A-7B5B-097083062757}.Release|Any CPU.Build.0 = Release|Any CPU
		{88558164-ACC3-82EF-BE22-20CBCA0C3E8A}.Debug|Any CPU.ActiveCfg = Debug|Any CPU
		{88558164-ACC3-82EF-BE22-20CBCA0C3E8A}.Debug|Any CPU.Build.0 = Debug|Any CPU
		{88558164-ACC3-82EF-BE22-20CBCA0C3E8A}.Release|Any CPU.ActiveCfg = Release|Any CPU
		{88558164-ACC3-82EF-BE22-20CBCA0C3E8A}.Release|Any CPU.Build.0 = Release|Any CPU
		{1A440470-A073-1436-6344-7AE0901AE361}.Debug|Any CPU.ActiveCfg = Debug|Any CPU
		{1A440470-A073-1436-6344-7AE0901AE361}.Debug|Any CPU.Build.0 = Debug|Any CPU
		{1A440470-A073-1436-6344-7AE0901AE361}.Release|Any CPU.ActiveCfg = Release|Any CPU
		{1A440470-A073-1436-6344-7AE0901AE361}.Release|Any CPU.Build.0 = Release|Any CPU
		{F59FA154-5B7C-215C-D7B6-C94509F73625}.Debug|Any CPU.ActiveCfg = Debug|Any CPU
		{F59FA154-5B7C-215C-D7B6-C94509F73625}.Debug|Any CPU.Build.0 = Debug|Any CPU
		{F59FA154-5B7C-215C-D7B6-C94509F73625}.Release|Any CPU.ActiveCfg = Release|Any CPU
		{F59FA154-5B7C-215C-D7B6-C94509F73625}.Release|Any CPU.Build.0 = Release|Any CPU
		{CD64628F-F9E9-6E3D-0185-10B9A8C5C5CC}.Debug|Any CPU.ActiveCfg = Debug|Any CPU
		{CD64628F-F9E9-6E3D-0185-10B9A8C5C5CC}.Debug|Any CPU.Build.0 = Debug|Any CPU
		{CD64628F-F9E9-6E3D-0185-10B9A8C5C5CC}.Release|Any CPU.ActiveCfg = Release|Any CPU
		{CD64628F-F9E9-6E3D-0185-10B9A8C5C5CC}.Release|Any CPU.Build.0 = Release|Any CPU
	EndGlobalSection
	GlobalSection(SolutionProperties) = preSolution
		HideSolutionNode = FALSE
	EndGlobalSection
EndGlobal
