
Microsoft Visual Studio Solution File, Format Version 12.00
# Visual Studio 15
Project("{FAE04EC0-301F-11D3-BF4B-00C04F79EFBC}") = "Assembly-CSharp", "Assembly-CSharp.csproj", "{5BBEC99E-1B8D-BD78-B8FE-86082457C59C}"
EndProject
Project("{FAE04EC0-301F-11D3-BF4B-00C04F79EFBC}") = "Assembly-CSharp-firstpass", "Assembly-CSharp-firstpass.csproj", "{EA332528-1160-0ED9-5A5B-79C7B38AC06B}"
EndProject
Project("{FAE04EC0-301F-11D3-BF4B-00C04F79EFBC}") = "Assembly-CSharp-Editor-firstpass", "Assembly-CSharp-Editor-firstpass.csproj", "{126B9F16-67C5-033D-4E73-C5DB3E867A66}"
EndProject
Global
	GlobalSection(SolutionConfigurationPlatforms) = preSolution
		Debug|Any CPU = Debug|Any CPU
		Release|Any CPU = Release|Any CPU
	EndGlobalSection
	GlobalSection(ProjectConfigurationPlatforms) = postSolution
		{5BBEC99E-1B8D-BD78-B8FE-86082457C59C}.Debug|Any CPU.ActiveCfg = Debug|Any CPU
		{5BBEC99E-1B8D-BD78-B8FE-86082457C59C}.Debug|Any CPU.Build.0 = Debug|Any CPU
		{5BBEC99E-1B8D-BD78-B8FE-86082457C59C}.Release|Any CPU.ActiveCfg = Release|Any CPU
		{5BBEC99E-1B8D-BD78-B8FE-86082457C59C}.Release|Any CPU.Build.0 = Release|Any CPU
		{EA332528-1160-0ED9-5A5B-79C7B38AC06B}.Debug|Any CPU.ActiveCfg = Debug|Any CPU
		{EA332528-1160-0ED9-5A5B-79C7B38AC06B}.Debug|Any CPU.Build.0 = Debug|Any CPU
		{EA332528-1160-0ED9-5A5B-79C7B38AC06B}.Release|Any CPU.ActiveCfg = Release|Any CPU
		{EA332528-1160-0ED9-5A5B-79C7B38AC06B}.Release|Any CPU.Build.0 = Release|Any CPU
		{126B9F16-67C5-033D-4E73-C5DB3E867A66}.Debug|Any CPU.ActiveCfg = Debug|Any CPU
		{126B9F16-67C5-033D-4E73-C5DB3E867A66}.Debug|Any CPU.Build.0 = Debug|Any CPU
		{126B9F16-67C5-033D-4E73-C5DB3E867A66}.Release|Any CPU.ActiveCfg = Release|Any CPU
		{126B9F16-67C5-033D-4E73-C5DB3E867A66}.Release|Any CPU.Build.0 = Release|Any CPU
	EndGlobalSection
	GlobalSection(SolutionProperties) = preSolution
		HideSolutionNode = FALSE
	EndGlobalSection
EndGlobal
